
Microsoft Visual Studio Solution File, Format Version 12.00
# Visual Studio Version 16
VisualStudioVersion = 25.0.1706.5
MinimumVisualStudioVersion = 10.0.40219.1
Project("{FAE04EC0-301F-11D3-BF4B-00C04F79EFBC}") = "NamesJsonTask", "NamesJsonTask\NamesJsonTask.csproj", "{C521CB3A-A2AF-4ED4-90C8-8D0FCC41D8C7}"
EndProject
Global
	GlobalSection(SolutionConfigurationPlatforms) = preSolution
		Debug|Any CPU = Debug|Any CPU
		Release|Any CPU = Release|Any CPU
	EndGlobalSection
	GlobalSection(ProjectConfigurationPlatforms) = postSolution
		{C521CB3A-A2AF-4ED4-90C8-8D0FCC41D8C7}.Debug|Any CPU.ActiveCfg = Debug|Any CPU
		{C521CB3A-A2AF-4ED4-90C8-8D0FCC41D8C7}.Debug|Any CPU.Build.0 = Debug|Any CPU
		{C521CB3A-A2AF-4ED4-90C8-8D0FCC41D8C7}.Release|Any CPU.ActiveCfg = Release|Any CPU
		{C521CB3A-A2AF-4ED4-90C8-8D0FCC41D8C7}.Release|Any CPU.Build.0 = Release|Any CPU
	EndGlobalSection
	GlobalSection(SolutionProperties) = preSolution
		HideSolutionNode = FALSE
	EndGlobalSection
	GlobalSection(ExtensibilityGlobals) = postSolution
		SolutionGuid = {59B48E11-0959-4235-A9AD-80BECB9243A3}
	EndGlobalSection
EndGlobal
